
Microsoft Visual Studio Solution File, Format Version 12.00
# Visual Studio Version 16
VisualStudioVersion = 16.0.29519.87
MinimumVisualStudioVersion = 10.0.40219.1
Project("{FAE04EC0-301F-11D3-BF4B-00C04F79EFBC}") = "Lab8_V", "Lab8_V\Lab8_V.csproj", "{DCAFBD1D-27F2-4567-9FB6-60779B970961}"
EndProject
Global
	GlobalSection(SolutionConfigurationPlatforms) = preSolution
		Debug|Any CPU = Debug|Any CPU
		Release|Any CPU = Release|Any CPU
	EndGlobalSection
	GlobalSection(ProjectConfigurationPlatforms) = postSolution
		{DCAFBD1D-27F2-4567-9FB6-60779B970961}.Debug|Any CPU.ActiveCfg = Debug|Any CPU
		{DCAFBD1D-27F2-4567-9FB6-60779B970961}.Debug|Any CPU.Build.0 = Debug|Any CPU
		{DCAFBD1D-27F2-4567-9FB6-60779B970961}.Release|Any CPU.ActiveCfg = Release|Any CPU
		{DCAFBD1D-27F2-4567-9FB6-60779B970961}.Release|Any CPU.Build.0 = Release|Any CPU
	EndGlobalSection
	GlobalSection(SolutionProperties) = preSolution
		HideSolutionNode = FALSE
	EndGlobalSection
	GlobalSection(ExtensibilityGlobals) = postSolution
		SolutionGuid = {83120C71-7953-4A87-91CA-1C7B16BFA8B4}
	EndGlobalSection
EndGlobal
