
Microsoft Visual Studio Solution File, Format Version 12.00
# Visual Studio 15
VisualStudioVersion = 15.0.28307.645
MinimumVisualStudioVersion = 10.0.40219.1
Project("{FAE04EC0-301F-11D3-BF4B-00C04F79EFBC}") = "DotNetRemoting", "DotNetRemoting\DotNetRemoting.csproj", "{761B2C63-7F56-448C-8BBB-158B7E255B25}"
EndProject
Project("{FAE04EC0-301F-11D3-BF4B-00C04F79EFBC}") = "TheWorker", "MyProduct\TheWorker.csproj", "{5253A4B1-5197-4A16-A507-E560DB3EAF0E}"
EndProject
Project("{FAE04EC0-301F-11D3-BF4B-00C04F79EFBC}") = "Client", "Client\Client.csproj", "{83A8EA0A-208C-45E1-990A-8BC1D57905CD}"
EndProject
Global
	GlobalSection(SolutionConfigurationPlatforms) = preSolution
		Debug|Any CPU = Debug|Any CPU
		Release|Any CPU = Release|Any CPU
	EndGlobalSection
	GlobalSection(ProjectConfigurationPlatforms) = postSolution
		{761B2C63-7F56-448C-8BBB-158B7E255B25}.Debug|Any CPU.ActiveCfg = Debug|Any CPU
		{761B2C63-7F56-448C-8BBB-158B7E255B25}.Debug|Any CPU.Build.0 = Debug|Any CPU
		{761B2C63-7F56-448C-8BBB-158B7E255B25}.Release|Any CPU.ActiveCfg = Release|Any CPU
		{761B2C63-7F56-448C-8BBB-158B7E255B25}.Release|Any CPU.Build.0 = Release|Any CPU
		{5253A4B1-5197-4A16-A507-E560DB3EAF0E}.Debug|Any CPU.ActiveCfg = Debug|Any CPU
		{5253A4B1-5197-4A16-A507-E560DB3EAF0E}.Debug|Any CPU.Build.0 = Debug|Any CPU
		{5253A4B1-5197-4A16-A507-E560DB3EAF0E}.Release|Any CPU.ActiveCfg = Release|Any CPU
		{5253A4B1-5197-4A16-A507-E560DB3EAF0E}.Release|Any CPU.Build.0 = Release|Any CPU
		{83A8EA0A-208C-45E1-990A-8BC1D57905CD}.Debug|Any CPU.ActiveCfg = Debug|Any CPU
		{83A8EA0A-208C-45E1-990A-8BC1D57905CD}.Debug|Any CPU.Build.0 = Debug|Any CPU
		{83A8EA0A-208C-45E1-990A-8BC1D57905CD}.Release|Any CPU.ActiveCfg = Release|Any CPU
		{83A8EA0A-208C-45E1-990A-8BC1D57905CD}.Release|Any CPU.Build.0 = Release|Any CPU
	EndGlobalSection
	GlobalSection(SolutionProperties) = preSolution
		HideSolutionNode = FALSE
	EndGlobalSection
	GlobalSection(ExtensibilityGlobals) = postSolution
		SolutionGuid = {CADBC479-3105-43D4-9155-0B2DA8324E76}
	EndGlobalSection
EndGlobal
