
Microsoft Visual Studio Solution File, Format Version 12.00
# Visual Studio Version 16
VisualStudioVersion = 16.0.29230.47
MinimumVisualStudioVersion = 10.0.40219.1
Project("{FAE04EC0-301F-11D3-BF4B-00C04F79EFBC}") = "Lab5_V", "Lab5_V\Lab5_V.csproj", "{AB1EA07F-4A9B-4F05-9C93-A72021A1EF75}"
EndProject
Global
	GlobalSection(SolutionConfigurationPlatforms) = preSolution
		Debug|Any CPU = Debug|Any CPU
		Release|Any CPU = Release|Any CPU
	EndGlobalSection
	GlobalSection(ProjectConfigurationPlatforms) = postSolution
		{AB1EA07F-4A9B-4F05-9C93-A72021A1EF75}.Debug|Any CPU.ActiveCfg = Debug|Any CPU
		{AB1EA07F-4A9B-4F05-9C93-A72021A1EF75}.Debug|Any CPU.Build.0 = Debug|Any CPU
		{AB1EA07F-4A9B-4F05-9C93-A72021A1EF75}.Release|Any CPU.ActiveCfg = Release|Any CPU
		{AB1EA07F-4A9B-4F05-9C93-A72021A1EF75}.Release|Any CPU.Build.0 = Release|Any CPU
	EndGlobalSection
	GlobalSection(SolutionProperties) = preSolution
		HideSolutionNode = FALSE
	EndGlobalSection
	GlobalSection(ExtensibilityGlobals) = postSolution
		SolutionGuid = {7AEBBAF3-F0B6-4999-AFD9-F80A762EA50B}
	EndGlobalSection
EndGlobal
