
Microsoft Visual Studio Solution File, Format Version 12.00
# Visual Studio 15
VisualStudioVersion = 15.0.28307.421
MinimumVisualStudioVersion = 10.0.40219.1
Project("{FAE04EC0-301F-11D3-BF4B-00C04F79EFBC}") = "Lab2", "Lab2\Lab2.csproj", "{ECC42D4B-01BD-4E02-85CE-84EA32659C22}"
EndProject
Project("{FAE04EC0-301F-11D3-BF4B-00C04F79EFBC}") = "SortedList", "SortedList\SortedList.csproj", "{A03F5784-6635-49BA-9C6A-F29A93AC706C}"
EndProject
Global
	GlobalSection(SolutionConfigurationPlatforms) = preSolution
		Debug|Any CPU = Debug|Any CPU
		Release|Any CPU = Release|Any CPU
	EndGlobalSection
	GlobalSection(ProjectConfigurationPlatforms) = postSolution
		{ECC42D4B-01BD-4E02-85CE-84EA32659C22}.Debug|Any CPU.ActiveCfg = Debug|Any CPU
		{ECC42D4B-01BD-4E02-85CE-84EA32659C22}.Debug|Any CPU.Build.0 = Debug|Any CPU
		{ECC42D4B-01BD-4E02-85CE-84EA32659C22}.Release|Any CPU.ActiveCfg = Release|Any CPU
		{ECC42D4B-01BD-4E02-85CE-84EA32659C22}.Release|Any CPU.Build.0 = Release|Any CPU
		{A03F5784-6635-49BA-9C6A-F29A93AC706C}.Debug|Any CPU.ActiveCfg = Debug|Any CPU
		{A03F5784-6635-49BA-9C6A-F29A93AC706C}.Debug|Any CPU.Build.0 = Debug|Any CPU
		{A03F5784-6635-49BA-9C6A-F29A93AC706C}.Release|Any CPU.ActiveCfg = Release|Any CPU
		{A03F5784-6635-49BA-9C6A-F29A93AC706C}.Release|Any CPU.Build.0 = Release|Any CPU
	EndGlobalSection
	GlobalSection(SolutionProperties) = preSolution
		HideSolutionNode = FALSE
	EndGlobalSection
	GlobalSection(ExtensibilityGlobals) = postSolution
		SolutionGuid = {10DF84DD-A2D2-4450-8FD6-90392215B70B}
	EndGlobalSection
EndGlobal
