
Microsoft Visual Studio Solution File, Format Version 12.00
# Visual Studio Version 16
VisualStudioVersion = 16.0.29230.47
MinimumVisualStudioVersion = 10.0.40219.1
Project("{FAE04EC0-301F-11D3-BF4B-00C04F79EFBC}") = "Lab3_V", "Lab3_V\Lab3_V.csproj", "{11BA850B-5BDB-498C-BB75-9E713EB9C74E}"
EndProject
Global
	GlobalSection(SolutionConfigurationPlatforms) = preSolution
		Debug|Any CPU = Debug|Any CPU
		Release|Any CPU = Release|Any CPU
	EndGlobalSection
	GlobalSection(ProjectConfigurationPlatforms) = postSolution
		{11BA850B-5BDB-498C-BB75-9E713EB9C74E}.Debug|Any CPU.ActiveCfg = Debug|Any CPU
		{11BA850B-5BDB-498C-BB75-9E713EB9C74E}.Debug|Any CPU.Build.0 = Debug|Any CPU
		{11BA850B-5BDB-498C-BB75-9E713EB9C74E}.Release|Any CPU.ActiveCfg = Release|Any CPU
		{11BA850B-5BDB-498C-BB75-9E713EB9C74E}.Release|Any CPU.Build.0 = Release|Any CPU
	EndGlobalSection
	GlobalSection(SolutionProperties) = preSolution
		HideSolutionNode = FALSE
	EndGlobalSection
	GlobalSection(ExtensibilityGlobals) = postSolution
		SolutionGuid = {0F3BAD1C-48D0-4F03-BFC3-8D2A9B880E5F}
	EndGlobalSection
EndGlobal
