
Microsoft Visual Studio Solution File, Format Version 12.00
# Visual Studio Version 16
VisualStudioVersion = 16.0.29519.87
MinimumVisualStudioVersion = 10.0.40219.1
Project("{FAE04EC0-301F-11D3-BF4B-00C04F79EFBC}") = "Lab5_G", "Lab5_G\Lab5_G.csproj", "{C66E2634-EAEC-4A5F-94AD-CAF918A793F4}"
EndProject
Global
	GlobalSection(SolutionConfigurationPlatforms) = preSolution
		Debug|Any CPU = Debug|Any CPU
		Release|Any CPU = Release|Any CPU
	EndGlobalSection
	GlobalSection(ProjectConfigurationPlatforms) = postSolution
		{C66E2634-EAEC-4A5F-94AD-CAF918A793F4}.Debug|Any CPU.ActiveCfg = Debug|Any CPU
		{C66E2634-EAEC-4A5F-94AD-CAF918A793F4}.Debug|Any CPU.Build.0 = Debug|Any CPU
		{C66E2634-EAEC-4A5F-94AD-CAF918A793F4}.Release|Any CPU.ActiveCfg = Release|Any CPU
		{C66E2634-EAEC-4A5F-94AD-CAF918A793F4}.Release|Any CPU.Build.0 = Release|Any CPU
	EndGlobalSection
	GlobalSection(SolutionProperties) = preSolution
		HideSolutionNode = FALSE
	EndGlobalSection
	GlobalSection(ExtensibilityGlobals) = postSolution
		SolutionGuid = {677F81A5-AAF3-419E-9169-3BDFDEA9BAD8}
	EndGlobalSection
EndGlobal
